
Microsoft Visual Studio Solution File, Format Version 12.00
# Visual Studio Version 16
VisualStudioVersion = 16.0.31205.134
MinimumVisualStudioVersion = 10.0.40219.1
Project("{FAE04EC0-301F-11D3-BF4B-00C04F79EFBC}") = "EsercizioTaskAsyncAwait", "EsercizioTaskAsyncAwait\EsercizioTaskAsyncAwait.csproj", "{73520D4F-97A7-409A-815A-C9E2FFD5F7C9}"
EndProject
Global
	GlobalSection(SolutionConfigurationPlatforms) = preSolution
		Debug|Any CPU = Debug|Any CPU
		Release|Any CPU = Release|Any CPU
	EndGlobalSection
	GlobalSection(ProjectConfigurationPlatforms) = postSolution
		{73520D4F-97A7-409A-815A-C9E2FFD5F7C9}.Debug|Any CPU.ActiveCfg = Debug|Any CPU
		{73520D4F-97A7-409A-815A-C9E2FFD5F7C9}.Debug|Any CPU.Build.0 = Debug|Any CPU
		{73520D4F-97A7-409A-815A-C9E2FFD5F7C9}.Release|Any CPU.ActiveCfg = Release|Any CPU
		{73520D4F-97A7-409A-815A-C9E2FFD5F7C9}.Release|Any CPU.Build.0 = Release|Any CPU
	EndGlobalSection
	GlobalSection(SolutionProperties) = preSolution
		HideSolutionNode = FALSE
	EndGlobalSection
	GlobalSection(ExtensibilityGlobals) = postSolution
		SolutionGuid = {27279760-EB79-48FA-B096-0B596BA9D21F}
	EndGlobalSection
EndGlobal
